
Microsoft Visual Studio Solution File, Format Version 12.00
# Visual Studio Version 17
VisualStudioVersion = 17.1.32414.318
MinimumVisualStudioVersion = 10.0.40219.1
Project("{FAE04EC0-301F-11D3-BF4B-00C04F79EFBC}") = "Beauty_Saloon", "Beauty_Saloon\Beauty_Saloon.csproj", "{45C93840-BC48-46C8-AB70-62788ABD19B9}"
EndProject
Global
	GlobalSection(SolutionConfigurationPlatforms) = preSolution
		Debug|Any CPU = Debug|Any CPU
		Release|Any CPU = Release|Any CPU
	EndGlobalSection
	GlobalSection(ProjectConfigurationPlatforms) = postSolution
		{45C93840-BC48-46C8-AB70-62788ABD19B9}.Debug|Any CPU.ActiveCfg = Debug|Any CPU
		{45C93840-BC48-46C8-AB70-62788ABD19B9}.Debug|Any CPU.Build.0 = Debug|Any CPU
		{45C93840-BC48-46C8-AB70-62788ABD19B9}.Release|Any CPU.ActiveCfg = Release|Any CPU
		{45C93840-BC48-46C8-AB70-62788ABD19B9}.Release|Any CPU.Build.0 = Release|Any CPU
	EndGlobalSection
	GlobalSection(SolutionProperties) = preSolution
		HideSolutionNode = FALSE
	EndGlobalSection
	GlobalSection(ExtensibilityGlobals) = postSolution
		SolutionGuid = {594C4CC6-FC0E-4DBA-8FC1-87C312B56F10}
	EndGlobalSection
EndGlobal
